{
    "name": "sftp-dc",
    "version": "1.0.0",
    "lockfileVersion": 1,
    "requires": true,
    "dependencies": {
        "asn1": {
            "version": "0.2.4",
            "resolved": "https://registry.npmjs.org/asn1/-/asn1-0.2.4.tgz",
            "integrity": "sha512-jxwzQpLQjSmWXgwaCZE9Nz+glAG01yF1QnWgbhGwHI5A6FRIEY6IVqtHhIepHqI7/kyEyQEagBC5mBEFlIYvdg==",
            "requires": {
                "safer-buffer": "~2.1.0"
            }
        },
        "async": {
            "version": "1.0.0",
            "resolved": "http://npm.digitro.com.br/async/-/async-1.0.0.tgz",
            "integrity": "sha1-+PwEyjoTeErenhZBr5hXjPvWR6k="
        },
        "colors": {
            "version": "1.0.3",
            "resolved": "http://npm.digitro.com.br/colors/-/colors-1.0.3.tgz",
            "integrity": "sha1-BDP0TYCWgP3rYO0mDxsMJi6CpAs="
        },
        "core-util-is": {
            "version": "1.0.2",
            "resolved": "https://registry.npmjs.org/core-util-is/-/core-util-is-1.0.2.tgz",
            "integrity": "sha1-tf1UIgqivFq1eqtxQMlAdUUDwac="
        },
        "cycle": {
            "version": "1.0.3",
            "resolved": "http://npm.digitro.com.br/cycle/-/cycle-1.0.3.tgz",
            "integrity": "sha1-IegLK+hYD5i0aPN5QwZisEbDStI="
        },
        "eyes": {
            "version": "0.1.8",
            "resolved": "http://npm.digitro.com.br/eyes/-/eyes-0.1.8.tgz",
            "integrity": "sha1-Ys8SAjTGg3hdkCNIqADvPgzCC8A="
        },
        "inherits": {
            "version": "2.0.3",
            "resolved": "https://registry.npmjs.org/inherits/-/inherits-2.0.3.tgz",
            "integrity": "sha1-Yzwsg+PaQqUC9SRmAiSA9CCCYd4="
        },
        "isarray": {
            "version": "0.0.1",
            "resolved": "https://registry.npmjs.org/isarray/-/isarray-0.0.1.tgz",
            "integrity": "sha1-ihis/Kmo9Bd+Cav8YDiTmwXR7t8="
        },
        "isstream": {
            "version": "0.1.2",
            "resolved": "http://npm.digitro.com.br/isstream/-/isstream-0.1.2.tgz",
            "integrity": "sha1-R+Y/evVa+m+S4VAOaQ64uFKcCZo="
        },
        "minimist": {
            "version": "0.0.8",
            "resolved": "http://npm.digitro.com.br/minimist/-/minimist-0.0.8.tgz",
            "integrity": "sha1-hX/Kv8M5fSYluCKCYuhqp6ARsF0="
        },
        "mkdirp": {
            "version": "0.5.1",
            "resolved": "http://npm.digitro.com.br/mkdirp/-/mkdirp-0.5.1.tgz",
            "integrity": "sha1-MAV0OOrGz3+MR2fzhkjWaX11yQM=",
            "requires": {
                "minimist": "0.0.8"
            }
        },
        "moment": {
            "version": "2.24.0",
            "resolved": "http://npm.digitro.com.br/moment/-/moment-2.24.0.tgz",
            "integrity": "sha512-bV7f+6l2QigeBBZSM/6yTNq4P2fNpSWj/0e7jQcy87A8e7o2nAfP/34/2ky5Vw4B9S446EtIhodAzkFCcR4dQg=="
        },
        "moment-timezone": {
            "version": "0.5.23",
            "resolved": "http://npm.digitro.com.br/moment-timezone/-/moment-timezone-0.5.23.tgz",
            "integrity": "sha512-WHFH85DkCfiNMDX5D3X7hpNH3/PUhjTGcD0U1SgfBGZxJ3qUmJh5FdvaFjcClxOvB3rzdfj4oRffbI38jEnC1w==",
            "requires": {
                "moment": ">= 2.9.0"
            }
        },
        "node-sftp-server": {
            "version": "0.3.0",
            "resolved": "https://registry.npmjs.org/node-sftp-server/-/node-sftp-server-0.3.0.tgz",
            "integrity": "sha1-2CjgaiMZoPwWMn9FyUUo+r6ZX4c=",
            "requires": {
                "ssh2": "0.5.x",
                "ssh2-streams": "^0.0.21",
                "tmp": "^0.0.30"
            },
            "dependencies": {
                "ssh2-streams": {
                    "version": "0.0.21",
                    "resolved": "https://registry.npmjs.org/ssh2-streams/-/ssh2-streams-0.0.21.tgz",
                    "integrity": "sha1-6hONC51xRIQ3pSG3g6EbvSCIN7s=",
                    "requires": {
                        "asn1": "~0.2.0",
                        "readable-stream": "~1.0.0",
                        "streamsearch": "~0.1.2"
                    }
                }
            }
        },
        "os-tmpdir": {
            "version": "1.0.2",
            "resolved": "https://registry.npmjs.org/os-tmpdir/-/os-tmpdir-1.0.2.tgz",
            "integrity": "sha1-u+Z0BseaqFxc/sdm/lc0VV36EnQ="
        },
        "readable-stream": {
            "version": "1.0.34",
            "resolved": "https://registry.npmjs.org/readable-stream/-/readable-stream-1.0.34.tgz",
            "integrity": "sha1-Elgg40vIQtLyqq+v5MKRbuMsFXw=",
            "requires": {
                "core-util-is": "~1.0.0",
                "inherits": "~2.0.1",
                "isarray": "0.0.1",
                "string_decoder": "~0.10.x"
            }
        },
        "safer-buffer": {
            "version": "2.1.2",
            "resolved": "https://registry.npmjs.org/safer-buffer/-/safer-buffer-2.1.2.tgz",
            "integrity": "sha512-YZo3K82SD7Riyi0E1EQPojLz7kpepnSQI9IyPbHHg1XXXevb5dJI7tpyN2ADxGcQbHG7vcyRHk0cbwqcQriUtg=="
        },
        "semver": {
            "version": "5.6.0",
            "resolved": "https://registry.npmjs.org/semver/-/semver-5.6.0.tgz",
            "integrity": "sha512-RS9R6R35NYgQn++fkDWaOmqGoj4Ek9gGs+DPxNUZKuwE183xjJroKvyo1IzVFeXvUrvmALy6FWD5xrdJT25gMg=="
        },
        "ssh2": {
            "version": "0.5.5",
            "resolved": "https://registry.npmjs.org/ssh2/-/ssh2-0.5.5.tgz",
            "integrity": "sha1-x3gezS7OcwSiU89iD6taXCK7IjU=",
            "requires": {
                "ssh2-streams": "~0.1.18"
            }
        },
        "ssh2-streams": {
            "version": "0.1.20",
            "resolved": "https://registry.npmjs.org/ssh2-streams/-/ssh2-streams-0.1.20.tgz",
            "integrity": "sha1-URGNFUVV31Rp7h9n4M8efoosDjo=",
            "requires": {
                "asn1": "~0.2.0",
                "semver": "^5.1.0",
                "streamsearch": "~0.1.2"
            }
        },
        "stack-trace": {
            "version": "0.0.10",
            "resolved": "http://npm.digitro.com.br/stack-trace/-/stack-trace-0.0.10.tgz",
            "integrity": "sha1-VHxws0fo0ytOEI6hoqFZ5f3eGcA="
        },
        "streamsearch": {
            "version": "0.1.2",
            "resolved": "https://registry.npmjs.org/streamsearch/-/streamsearch-0.1.2.tgz",
            "integrity": "sha1-gIudDlb8Jz2Am6VzOOkpkZoanxo="
        },
        "string_decoder": {
            "version": "0.10.31",
            "resolved": "https://registry.npmjs.org/string_decoder/-/string_decoder-0.10.31.tgz",
            "integrity": "sha1-YuIDvEF2bGwoyfyEMB2rHFMQ+pQ="
        },
        "tmp": {
            "version": "0.0.30",
            "resolved": "https://registry.npmjs.org/tmp/-/tmp-0.0.30.tgz",
            "integrity": "sha1-ckGdSovn1s51FI/YsyTlk6cRwu0=",
            "requires": {
                "os-tmpdir": "~1.0.1"
            }
        },
        "winston": {
            "version": "2.4.4",
            "resolved": "http://npm.digitro.com.br/winston/-/winston-2.4.4.tgz",
            "integrity": "sha512-NBo2Pepn4hK4V01UfcWcDlmiVTs7VTB1h7bgnB0rgP146bYhMxX0ypCz3lBOfNxCO4Zuek7yeT+y/zM1OfMw4Q==",
            "requires": {
                "async": "~1.0.0",
                "colors": "1.0.x",
                "cycle": "1.0.x",
                "eyes": "0.1.x",
                "isstream": "0.1.x",
                "stack-trace": "0.0.x"
            }
        },
        "winston-daily-rotate-file": {
            "version": "1.7.2",
            "resolved": "http://npm.digitro.com.br/winston-daily-rotate-file/-/winston-daily-rotate-file-1.7.2.tgz",
            "integrity": "sha1-ZQK/opeCT9mC2l5WR8dThXjS+aA=",
            "requires": {
                "mkdirp": "0.5.1"
            }
        }
    }
}
